// !$*UTF8*$!
{
	archiveVersion = 1;
	classes = {
	};
	objectVersion = 56;
	objects = {

/* Begin PBXBuildFile section */
		3D03E82F2A30FED600B32371 /* ILikeCatsApp.swift in Sources */ = {isa = PBXBuildFile; fileRef = 3D03E82E2A30FED600B32371 /* ILikeCatsApp.swift */; };
		3D03E8312A30FED600B32371 /* ContentView.swift in Sources */ = {isa = PBXBuildFile; fileRef = 3D03E8302A30FED600B32371 /* ContentView.swift */; };
		3D03E8362A30FED700B32371 /* Preview Assets.xcassets in Resources */ = {isa = PBXBuildFile; fileRef = 3D03E8352A30FED700B32371 /* Preview Assets.xcassets */; };
		3D03E83E2A30FF0700B32371 /* BreedListView.swift in Sources */ = {isa = PBXBuildFile; fileRef = 3D03E83D2A30FF0700B32371 /* BreedListView.swift */; };
		3D03E8402A30FFC400B32371 /* BreedListViewModel.swift in Sources */ = {isa = PBXBuildFile; fileRef = 3D03E83F2A30FFC400B32371 /* BreedListViewModel.swift */; };
		3D03E8442A3100D500B32371 /* ApiManager.swift in Sources */ = {isa = PBXBuildFile; fileRef = 3D03E8432A3100D500B32371 /* ApiManager.swift */; };
		3D03E8462A3101F400B32371 /* Endpoint.swift in Sources */ = {isa = PBXBuildFile; fileRef = 3D03E8452A3101F400B32371 /* Endpoint.swift */; };
		3D03E8482A31020E00B32371 /* HttpMethod.swift in Sources */ = {isa = PBXBuildFile; fileRef = 3D03E8472A31020E00B32371 /* HttpMethod.swift */; };
		3D03E84A2A31022F00B32371 /* HttpHeader.swift in Sources */ = {isa = PBXBuildFile; fileRef = 3D03E8492A31022E00B32371 /* HttpHeader.swift */; };
		3D03E84C2A31025700B32371 /* ApiError.swift in Sources */ = {isa = PBXBuildFile; fileRef = 3D03E84B2A31025700B32371 /* ApiError.swift */; };
		3D03E8512A31033B00B32371 /* URL+Share.swift in Sources */ = {isa = PBXBuildFile; fileRef = 3D03E8502A31033B00B32371 /* URL+Share.swift */; };
		3D03E8532A31039F00B32371 /* BreedsEndpoint.swift in Sources */ = {isa = PBXBuildFile; fileRef = 3D03E8522A31039F00B32371 /* BreedsEndpoint.swift */; };
		3D03E8562A31049600B32371 /* Constants.swift in Sources */ = {isa = PBXBuildFile; fileRef = 3D03E8552A31049600B32371 /* Constants.swift */; };
		3D03E85E2A310B0300B32371 /* Logger.swift in Sources */ = {isa = PBXBuildFile; fileRef = 3D03E85D2A310B0300B32371 /* Logger.swift */; };
		3D03E8652A31119300B32371 /* OnFirstApperViewModifier.swift in Sources */ = {isa = PBXBuildFile; fileRef = 3D03E8642A31119300B32371 /* OnFirstApperViewModifier.swift */; };
		3D03E8682A3111E700B32371 /* UINavigationController.swift in Sources */ = {isa = PBXBuildFile; fileRef = 3D03E8672A3111E700B32371 /* UINavigationController.swift */; };
		3D03E86B2A31120F00B32371 /* HorizontalAlignment.swift in Sources */ = {isa = PBXBuildFile; fileRef = 3D03E86A2A31120F00B32371 /* HorizontalAlignment.swift */; };
		3D03E86E2A31126E00B32371 /* BackgroundGradientView.swift in Sources */ = {isa = PBXBuildFile; fileRef = 3D03E86D2A31126E00B32371 /* BackgroundGradientView.swift */; };
		3D03E8712A3117C100B32371 /* DiContainer.swift in Sources */ = {isa = PBXBuildFile; fileRef = 3D03E8702A3117C100B32371 /* DiContainer.swift */; };
		3D5E2CAA2A337AF300FF9FF1 /* URL+Convenience.swift in Sources */ = {isa = PBXBuildFile; fileRef = 3D5E2CA92A337AF300FF9FF1 /* URL+Convenience.swift */; };
		3D5E2CB52A35061B00FF9FF1 /* ImageSlider.swift in Sources */ = {isa = PBXBuildFile; fileRef = 3D5E2CB42A35061B00FF9FF1 /* ImageSlider.swift */; };
		3D5E2CB72A377DF700FF9FF1 /* SafariView.swift in Sources */ = {isa = PBXBuildFile; fileRef = 3D5E2CB62A377DF700FF9FF1 /* SafariView.swift */; };
		3D5E2CBA2A3788C500FF9FF1 /* CatImageView.swift in Sources */ = {isa = PBXBuildFile; fileRef = 3D5E2CB92A3788C500FF9FF1 /* CatImageView.swift */; };
		3D5E2CBC2A3788D600FF9FF1 /* CatImageViewModel.swift in Sources */ = {isa = PBXBuildFile; fileRef = 3D5E2CBB2A3788D600FF9FF1 /* CatImageViewModel.swift */; };
		3D7C3B672A3238AD00379A8D /* Breed.swift in Sources */ = {isa = PBXBuildFile; fileRef = 3D7C3B662A3238AD00379A8D /* Breed.swift */; };
		3D7C3B692A323AE400379A8D /* Weight.swift in Sources */ = {isa = PBXBuildFile; fileRef = 3D7C3B682A323AE400379A8D /* Weight.swift */; };
		3D7C3B6C2A32422700379A8D /* CatImage.swift in Sources */ = {isa = PBXBuildFile; fileRef = 3D7C3B6B2A32422700379A8D /* CatImage.swift */; };
		3D7C3B6F2A3248F000379A8D /* BreedListItemView.swift in Sources */ = {isa = PBXBuildFile; fileRef = 3D7C3B6E2A3248F000379A8D /* BreedListItemView.swift */; };
		3D7C3B722A3249DB00379A8D /* Color+App.swift in Sources */ = {isa = PBXBuildFile; fileRef = 3D7C3B712A3249DA00379A8D /* Color+App.swift */; };
		3D7C3B742A3249F000379A8D /* Font+App.swift in Sources */ = {isa = PBXBuildFile; fileRef = 3D7C3B732A3249F000379A8D /* Font+App.swift */; };
		3D7C3B772A324A8700379A8D /* Satoshi.ttf in Resources */ = {isa = PBXBuildFile; fileRef = 3D7C3B762A324A8700379A8D /* Satoshi.ttf */; };
		3D7C3B792A324B0A00379A8D /* Assets.xcassets in Resources */ = {isa = PBXBuildFile; fileRef = 3D7C3B782A324B0A00379A8D /* Assets.xcassets */; };
		3D7C3B7B2A324CE900379A8D /* ClashDisplay.ttf in Resources */ = {isa = PBXBuildFile; fileRef = 3D7C3B7A2A324CE900379A8D /* ClashDisplay.ttf */; };
		3D7C3B7E2A324EF400379A8D /* BreedDetailView.swift in Sources */ = {isa = PBXBuildFile; fileRef = 3D7C3B7D2A324EF400379A8D /* BreedDetailView.swift */; };
		3D7C3B802A324F1A00379A8D /* BreedDetailViewModel.swift in Sources */ = {isa = PBXBuildFile; fileRef = 3D7C3B7F2A324F1A00379A8D /* BreedDetailViewModel.swift */; };
		3D7C3B8A2A326F7600379A8D /* BreedListGridView.swift in Sources */ = {isa = PBXBuildFile; fileRef = 3D7C3B892A326F7600379A8D /* BreedListGridView.swift */; };
		3DA947302A33551D00687579 /* BreedDetailEndpoint.swift in Sources */ = {isa = PBXBuildFile; fileRef = 3DA9472F2A33551D00687579 /* BreedDetailEndpoint.swift */; };
		3DA947322A335B2900687579 /* ImagesEndpoint.swift in Sources */ = {isa = PBXBuildFile; fileRef = 3DA947312A335B2900687579 /* ImagesEndpoint.swift */; };
/* End PBXBuildFile section */

/* Begin PBXFileReference section */
		3D03E82B2A30FED600B32371 /* ILikeCats.app */ = {isa = PBXFileReference; explicitFileType = wrapper.application; includeInIndex = 0; path = ILikeCats.app; sourceTree = BUILT_PRODUCTS_DIR; };
		3D03E82E2A30FED600B32371 /* ILikeCatsApp.swift */ = {isa = PBXFileReference; lastKnownFileType = sourcecode.swift; path = ILikeCatsApp.swift; sourceTree = "<group>"; };
		3D03E8302A30FED600B32371 /* ContentView.swift */ = {isa = PBXFileReference; lastKnownFileType = sourcecode.swift; path = ContentView.swift; sourceTree = "<group>"; };
		3D03E8352A30FED700B32371 /* Preview Assets.xcassets */ = {isa = PBXFileReference; lastKnownFileType = folder.assetcatalog; path = "Preview Assets.xcassets"; sourceTree = "<group>"; };
		3D03E83D2A30FF0700B32371 /* BreedListView.swift */ = {isa = PBXFileReference; lastKnownFileType = sourcecode.swift; path = BreedListView.swift; sourceTree = "<group>"; };
		3D03E83F2A30FFC400B32371 /* BreedListViewModel.swift */ = {isa = PBXFileReference; lastKnownFileType = sourcecode.swift; path = BreedListViewModel.swift; sourceTree = "<group>"; };
		3D03E8432A3100D500B32371 /* ApiManager.swift */ = {isa = PBXFileReference; lastKnownFileType = sourcecode.swift; path = ApiManager.swift; sourceTree = "<group>"; };
		3D03E8452A3101F400B32371 /* Endpoint.swift */ = {isa = PBXFileReference; lastKnownFileType = sourcecode.swift; path = Endpoint.swift; sourceTree = "<group>"; };
		3D03E8472A31020E00B32371 /* HttpMethod.swift */ = {isa = PBXFileReference; lastKnownFileType = sourcecode.swift; path = HttpMethod.swift; sourceTree = "<group>"; };
		3D03E8492A31022E00B32371 /* HttpHeader.swift */ = {isa = PBXFileReference; lastKnownFileType = sourcecode.swift; path = HttpHeader.swift; sourceTree = "<group>"; };
		3D03E84B2A31025700B32371 /* ApiError.swift */ = {isa = PBXFileReference; lastKnownFileType = sourcecode.swift; path = ApiError.swift; sourceTree = "<group>"; };
		3D03E8502A31033B00B32371 /* URL+Share.swift */ = {isa = PBXFileReference; lastKnownFileType = sourcecode.swift; path = "URL+Share.swift"; sourceTree = "<group>"; };
		3D03E8522A31039F00B32371 /* BreedsEndpoint.swift */ = {isa = PBXFileReference; lastKnownFileType = sourcecode.swift; path = BreedsEndpoint.swift; sourceTree = "<group>"; };
		3D03E8552A31049600B32371 /* Constants.swift */ = {isa = PBXFileReference; lastKnownFileType = sourcecode.swift; path = Constants.swift; sourceTree = "<group>"; };
		3D03E85D2A310B0300B32371 /* Logger.swift */ = {isa = PBXFileReference; lastKnownFileType = sourcecode.swift; path = Logger.swift; sourceTree = "<group>"; };
		3D03E85F2A310BB400B32371 /* Info.plist */ = {isa = PBXFileReference; lastKnownFileType = text.plist.xml; path = Info.plist; sourceTree = "<group>"; };
		3D03E8642A31119300B32371 /* OnFirstApperViewModifier.swift */ = {isa = PBXFileReference; lastKnownFileType = sourcecode.swift; path = OnFirstApperViewModifier.swift; sourceTree = "<group>"; };
		3D03E8672A3111E700B32371 /* UINavigationController.swift */ = {isa = PBXFileReference; lastKnownFileType = sourcecode.swift; path = UINavigationController.swift; sourceTree = "<group>"; };
		3D03E86A2A31120F00B32371 /* HorizontalAlignment.swift */ = {isa = PBXFileReference; lastKnownFileType = sourcecode.swift; path = HorizontalAlignment.swift; sourceTree = "<group>"; };
		3D03E86D2A31126E00B32371 /* BackgroundGradientView.swift */ = {isa = PBXFileReference; lastKnownFileType = sourcecode.swift; path = BackgroundGradientView.swift; sourceTree = "<group>"; };
		3D03E8702A3117C100B32371 /* DiContainer.swift */ = {isa = PBXFileReference; lastKnownFileType = sourcecode.swift; path = DiContainer.swift; sourceTree = "<group>"; };
		3D5E2CA92A337AF300FF9FF1 /* URL+Convenience.swift */ = {isa = PBXFileReference; lastKnownFileType = sourcecode.swift; path = "URL+Convenience.swift"; sourceTree = "<group>"; };
		3D5E2CB42A35061B00FF9FF1 /* ImageSlider.swift */ = {isa = PBXFileReference; lastKnownFileType = sourcecode.swift; path = ImageSlider.swift; sourceTree = "<group>"; };
		3D5E2CB62A377DF700FF9FF1 /* SafariView.swift */ = {isa = PBXFileReference; lastKnownFileType = sourcecode.swift; path = SafariView.swift; sourceTree = "<group>"; };
		3D5E2CB92A3788C500FF9FF1 /* CatImageView.swift */ = {isa = PBXFileReference; lastKnownFileType = sourcecode.swift; path = CatImageView.swift; sourceTree = "<group>"; };
		3D5E2CBB2A3788D600FF9FF1 /* CatImageViewModel.swift */ = {isa = PBXFileReference; lastKnownFileType = sourcecode.swift; path = CatImageViewModel.swift; sourceTree = "<group>"; };
		3D7C3B662A3238AD00379A8D /* Breed.swift */ = {isa = PBXFileReference; lastKnownFileType = sourcecode.swift; path = Breed.swift; sourceTree = "<group>"; };
		3D7C3B682A323AE400379A8D /* Weight.swift */ = {isa = PBXFileReference; lastKnownFileType = sourcecode.swift; path = Weight.swift; sourceTree = "<group>"; };
		3D7C3B6B2A32422700379A8D /* CatImage.swift */ = {isa = PBXFileReference; lastKnownFileType = sourcecode.swift; path = CatImage.swift; sourceTree = "<group>"; };
		3D7C3B6E2A3248F000379A8D /* BreedListItemView.swift */ = {isa = PBXFileReference; lastKnownFileType = sourcecode.swift; path = BreedListItemView.swift; sourceTree = "<group>"; };
		3D7C3B712A3249DA00379A8D /* Color+App.swift */ = {isa = PBXFileReference; lastKnownFileType = sourcecode.swift; path = "Color+App.swift"; sourceTree = "<group>"; };
		3D7C3B732A3249F000379A8D /* Font+App.swift */ = {isa = PBXFileReference; lastKnownFileType = sourcecode.swift; path = "Font+App.swift"; sourceTree = "<group>"; };
		3D7C3B762A324A8700379A8D /* Satoshi.ttf */ = {isa = PBXFileReference; lastKnownFileType = file; name = Satoshi.ttf; path = "../../../../../Downloads/ios-vse-summer-semester-2023/RickAndMorty/RickAndMorty/Resources/Fonts/Satoshi.ttf"; sourceTree = "<group>"; };
		3D7C3B782A324B0A00379A8D /* Assets.xcassets */ = {isa = PBXFileReference; lastKnownFileType = folder.assetcatalog; name = Assets.xcassets; path = "../../../../Downloads/ios-vse-summer-semester-2023/RickAndMorty/RickAndMorty/Resources/Assets.xcassets"; sourceTree = "<group>"; };
		3D7C3B7A2A324CE900379A8D /* ClashDisplay.ttf */ = {isa = PBXFileReference; lastKnownFileType = file; name = ClashDisplay.ttf; path = "../../../../../Downloads/ios-vse-summer-semester-2023/RickAndMorty/RickAndMorty/Resources/Fonts/ClashDisplay.ttf"; sourceTree = "<group>"; };
		3D7C3B7D2A324EF400379A8D /* BreedDetailView.swift */ = {isa = PBXFileReference; lastKnownFileType = sourcecode.swift; path = BreedDetailView.swift; sourceTree = "<group>"; };
		3D7C3B7F2A324F1A00379A8D /* BreedDetailViewModel.swift */ = {isa = PBXFileReference; lastKnownFileType = sourcecode.swift; path = BreedDetailViewModel.swift; sourceTree = "<group>"; };
		3D7C3B892A326F7600379A8D /* BreedListGridView.swift */ = {isa = PBXFileReference; lastKnownFileType = sourcecode.swift; path = BreedListGridView.swift; sourceTree = "<group>"; };
		3DA9472F2A33551D00687579 /* BreedDetailEndpoint.swift */ = {isa = PBXFileReference; lastKnownFileType = sourcecode.swift; path = BreedDetailEndpoint.swift; sourceTree = "<group>"; };
		3DA947312A335B2900687579 /* ImagesEndpoint.swift */ = {isa = PBXFileReference; lastKnownFileType = sourcecode.swift; path = ImagesEndpoint.swift; sourceTree = "<group>"; };
/* End PBXFileReference section */

/* Begin PBXFrameworksBuildPhase section */
		3D03E8282A30FED600B32371 /* Frameworks */ = {
			isa = PBXFrameworksBuildPhase;
			buildActionMask = 2147483647;
			files = (
			);
			runOnlyForDeploymentPostprocessing = 0;
		};
/* End PBXFrameworksBuildPhase section */

/* Begin PBXGroup section */
		3D03E8222A30FED600B32371 = {
			isa = PBXGroup;
			children = (
				3D03E82D2A30FED600B32371 /* ILikeCats */,
				3D03E82C2A30FED600B32371 /* Products */,
			);
			sourceTree = "<group>";
		};
		3D03E82C2A30FED600B32371 /* Products */ = {
			isa = PBXGroup;
			children = (
				3D03E82B2A30FED600B32371 /* ILikeCats.app */,
			);
			name = Products;
			sourceTree = "<group>";
		};
		3D03E82D2A30FED600B32371 /* ILikeCats */ = {
			isa = PBXGroup;
			children = (
				3D03E85F2A310BB400B32371 /* Info.plist */,
				3D03E8412A31008500B32371 /* Api */,
				3D03E8612A310D2900B32371 /* App */,
				3D03E86F2A31170900B32371 /* DI */,
				3D03E85C2A310AF300B32371 /* Logger */,
				3D03E8542A31047600B32371 /* Model */,
				3D03E8342A30FED700B32371 /* Preview Content */,
				3D03E8622A310D4C00B32371 /* Resources */,
				3D03E83C2A30FEE000B32371 /* Scenes */,
				3D7C3B702A3249C500379A8D /* Styles */,
				3D03E8632A310FE900B32371 /* Utilities */,
				3D03E86C2A31125400B32371 /* Views */,
			);
			path = ILikeCats;
			sourceTree = "<group>";
		};
		3D03E8342A30FED700B32371 /* Preview Content */ = {
			isa = PBXGroup;
			children = (
				3D03E8352A30FED700B32371 /* Preview Assets.xcassets */,
			);
			path = "Preview Content";
			sourceTree = "<group>";
		};
		3D03E83C2A30FEE000B32371 /* Scenes */ = {
			isa = PBXGroup;
			children = (
				3D03E8302A30FED600B32371 /* ContentView.swift */,
				3D7C3B7C2A324EB600379A8D /* BreedDetail */,
				3D7C3B6D2A3248D800379A8D /* Breeds */,
				3D5E2CB82A37888C00FF9FF1 /* CatImage */,
			);
			path = Scenes;
			sourceTree = "<group>";
		};
		3D03E8412A31008500B32371 /* Api */ = {
			isa = PBXGroup;
			children = (
				3D03E84B2A31025700B32371 /* ApiError.swift */,
				3D03E8432A3100D500B32371 /* ApiManager.swift */,
				3D03E8452A3101F400B32371 /* Endpoint.swift */,
				3D03E8492A31022E00B32371 /* HttpHeader.swift */,
				3D03E8472A31020E00B32371 /* HttpMethod.swift */,
				3D03E8422A31009200B32371 /* Endpoints */,
			);
			path = Api;
			sourceTree = "<group>";
		};
		3D03E8422A31009200B32371 /* Endpoints */ = {
			isa = PBXGroup;
			children = (
				3DA9472F2A33551D00687579 /* BreedDetailEndpoint.swift */,
				3D03E8522A31039F00B32371 /* BreedsEndpoint.swift */,
				3DA947312A335B2900687579 /* ImagesEndpoint.swift */,
			);
			path = Endpoints;
			sourceTree = "<group>";
		};
		3D03E8542A31047600B32371 /* Model */ = {
			isa = PBXGroup;
			children = (
				3D03E8552A31049600B32371 /* Constants.swift */,
				3D7C3B652A32389E00379A8D /* Domain */,
			);
			path = Model;
			sourceTree = "<group>";
		};
		3D03E85C2A310AF300B32371 /* Logger */ = {
			isa = PBXGroup;
			children = (
				3D03E85D2A310B0300B32371 /* Logger.swift */,
			);
			path = Logger;
			sourceTree = "<group>";
		};
		3D03E8612A310D2900B32371 /* App */ = {
			isa = PBXGroup;
			children = (
				3D03E82E2A30FED600B32371 /* ILikeCatsApp.swift */,
			);
			path = App;
			sourceTree = "<group>";
		};
		3D03E8622A310D4C00B32371 /* Resources */ = {
			isa = PBXGroup;
			children = (
				3D7C3B782A324B0A00379A8D /* Assets.xcassets */,
				3D7C3B752A324A1700379A8D /* Fonts */,
			);
			path = Resources;
			sourceTree = "<group>";
		};
		3D03E8632A310FE900B32371 /* Utilities */ = {
			isa = PBXGroup;
			children = (
				3D03E86A2A31120F00B32371 /* HorizontalAlignment.swift */,
				3D03E8642A31119300B32371 /* OnFirstApperViewModifier.swift */,
				3D03E8672A3111E700B32371 /* UINavigationController.swift */,
				3D5E2CA92A337AF300FF9FF1 /* URL+Convenience.swift */,
				3D03E8502A31033B00B32371 /* URL+Share.swift */,
			);
			path = Utilities;
			sourceTree = "<group>";
		};
		3D03E86C2A31125400B32371 /* Views */ = {
			isa = PBXGroup;
			children = (
				3D03E86D2A31126E00B32371 /* BackgroundGradientView.swift */,
			);
			path = Views;
			sourceTree = "<group>";
		};
		3D03E86F2A31170900B32371 /* DI */ = {
			isa = PBXGroup;
			children = (
				3D03E8702A3117C100B32371 /* DiContainer.swift */,
			);
			path = DI;
			sourceTree = "<group>";
		};
		3D5E2CB82A37888C00FF9FF1 /* CatImage */ = {
			isa = PBXGroup;
			children = (
				3D5E2CB92A3788C500FF9FF1 /* CatImageView.swift */,
				3D5E2CBB2A3788D600FF9FF1 /* CatImageViewModel.swift */,
			);
			path = CatImage;
			sourceTree = "<group>";
		};
		3D7C3B652A32389E00379A8D /* Domain */ = {
			isa = PBXGroup;
			children = (
				3D7C3B662A3238AD00379A8D /* Breed.swift */,
				3D7C3B6B2A32422700379A8D /* CatImage.swift */,
				3D7C3B682A323AE400379A8D /* Weight.swift */,
			);
			path = Domain;
			sourceTree = "<group>";
		};
		3D7C3B6D2A3248D800379A8D /* Breeds */ = {
			isa = PBXGroup;
			children = (
				3D7C3B892A326F7600379A8D /* BreedListGridView.swift */,
				3D7C3B6E2A3248F000379A8D /* BreedListItemView.swift */,
				3D03E83D2A30FF0700B32371 /* BreedListView.swift */,
				3D03E83F2A30FFC400B32371 /* BreedListViewModel.swift */,
			);
			path = Breeds;
			sourceTree = "<group>";
		};
		3D7C3B702A3249C500379A8D /* Styles */ = {
			isa = PBXGroup;
			children = (
				3D7C3B712A3249DA00379A8D /* Color+App.swift */,
				3D7C3B732A3249F000379A8D /* Font+App.swift */,
			);
			path = Styles;
			sourceTree = "<group>";
		};
		3D7C3B752A324A1700379A8D /* Fonts */ = {
			isa = PBXGroup;
			children = (
				3D7C3B7A2A324CE900379A8D /* ClashDisplay.ttf */,
				3D7C3B762A324A8700379A8D /* Satoshi.ttf */,
			);
			path = Fonts;
			sourceTree = "<group>";
		};
		3D7C3B7C2A324EB600379A8D /* BreedDetail */ = {
			isa = PBXGroup;
			children = (
				3D7C3B7D2A324EF400379A8D /* BreedDetailView.swift */,
				3D7C3B7F2A324F1A00379A8D /* BreedDetailViewModel.swift */,
				3D5E2CB42A35061B00FF9FF1 /* ImageSlider.swift */,
				3D5E2CB62A377DF700FF9FF1 /* SafariView.swift */,
			);
			path = BreedDetail;
			sourceTree = "<group>";
		};
/* End PBXGroup section */

/* Begin PBXNativeTarget section */
		3D03E82A2A30FED600B32371 /* ILikeCats */ = {
			isa = PBXNativeTarget;
			buildConfigurationList = 3D03E8392A30FED700B32371 /* Build configuration list for PBXNativeTarget "ILikeCats" */;
			buildPhases = (
				3D03E8272A30FED600B32371 /* Sources */,
				3D03E8282A30FED600B32371 /* Frameworks */,
				3D03E8292A30FED600B32371 /* Resources */,
			);
			buildRules = (
			);
			dependencies = (
			);
			name = ILikeCats;
			packageProductDependencies = (
			);
			productName = ILikeCats;
			productReference = 3D03E82B2A30FED600B32371 /* ILikeCats.app */;
			productType = "com.apple.product-type.application";
		};
/* End PBXNativeTarget section */

/* Begin PBXProject section */
		3D03E8232A30FED600B32371 /* Project object */ = {
			isa = PBXProject;
			attributes = {
				BuildIndependentTargetsInParallel = 1;
				LastSwiftUpdateCheck = 1430;
				LastUpgradeCheck = 1430;
				TargetAttributes = {
					3D03E82A2A30FED600B32371 = {
						CreatedOnToolsVersion = 14.3.1;
					};
				};
			};
			buildConfigurationList = 3D03E8262A30FED600B32371 /* Build configuration list for PBXProject "ILikeCats" */;
			compatibilityVersion = "Xcode 14.0";
			developmentRegion = en;
			hasScannedForEncodings = 0;
			knownRegions = (
				en,
				Base,
			);
			mainGroup = 3D03E8222A30FED600B32371;
			packageReferences = (
			);
			productRefGroup = 3D03E82C2A30FED600B32371 /* Products */;
			projectDirPath = "";
			projectRoot = "";
			targets = (
				3D03E82A2A30FED600B32371 /* ILikeCats */,
			);
		};
/* End PBXProject section */

/* Begin PBXResourcesBuildPhase section */
		3D03E8292A30FED600B32371 /* Resources */ = {
			isa = PBXResourcesBuildPhase;
			buildActionMask = 2147483647;
			files = (
				3D7C3B772A324A8700379A8D /* Satoshi.ttf in Resources */,
				3D7C3B7B2A324CE900379A8D /* ClashDisplay.ttf in Resources */,
				3D03E8362A30FED700B32371 /* Preview Assets.xcassets in Resources */,
				3D7C3B792A324B0A00379A8D /* Assets.xcassets in Resources */,
			);
			runOnlyForDeploymentPostprocessing = 0;
		};
/* End PBXResourcesBuildPhase section */

/* Begin PBXSourcesBuildPhase section */
		3D03E8272A30FED600B32371 /* Sources */ = {
			isa = PBXSourcesBuildPhase;
			buildActionMask = 2147483647;
			files = (
				3D03E8312A30FED600B32371 /* ContentView.swift in Sources */,
				3D7C3B6C2A32422700379A8D /* CatImage.swift in Sources */,
				3D03E8402A30FFC400B32371 /* BreedListViewModel.swift in Sources */,
				3D7C3B8A2A326F7600379A8D /* BreedListGridView.swift in Sources */,
				3D03E8442A3100D500B32371 /* ApiManager.swift in Sources */,
				3D03E8482A31020E00B32371 /* HttpMethod.swift in Sources */,
				3DA947322A335B2900687579 /* ImagesEndpoint.swift in Sources */,
				3D7C3B6F2A3248F000379A8D /* BreedListItemView.swift in Sources */,
				3D03E8532A31039F00B32371 /* BreedsEndpoint.swift in Sources */,
				3D5E2CAA2A337AF300FF9FF1 /* URL+Convenience.swift in Sources */,
				3D03E8682A3111E700B32371 /* UINavigationController.swift in Sources */,
				3D03E86E2A31126E00B32371 /* BackgroundGradientView.swift in Sources */,
				3D03E8652A31119300B32371 /* OnFirstApperViewModifier.swift in Sources */,
				3D7C3B672A3238AD00379A8D /* Breed.swift in Sources */,
				3D5E2CBA2A3788C500FF9FF1 /* CatImageView.swift in Sources */,
				3D03E85E2A310B0300B32371 /* Logger.swift in Sources */,
				3D7C3B802A324F1A00379A8D /* BreedDetailViewModel.swift in Sources */,
				3D03E86B2A31120F00B32371 /* HorizontalAlignment.swift in Sources */,
				3D7C3B742A3249F000379A8D /* Font+App.swift in Sources */,
				3D5E2CBC2A3788D600FF9FF1 /* CatImageViewModel.swift in Sources */,
				3D7C3B692A323AE400379A8D /* Weight.swift in Sources */,
				3D7C3B722A3249DB00379A8D /* Color+App.swift in Sources */,
				3DA947302A33551D00687579 /* BreedDetailEndpoint.swift in Sources */,
				3D03E84A2A31022F00B32371 /* HttpHeader.swift in Sources */,
				3D03E8562A31049600B32371 /* Constants.swift in Sources */,
				3D03E8712A3117C100B32371 /* DiContainer.swift in Sources */,
				3D03E84C2A31025700B32371 /* ApiError.swift in Sources */,
				3D5E2CB52A35061B00FF9FF1 /* ImageSlider.swift in Sources */,
				3D03E82F2A30FED600B32371 /* ILikeCatsApp.swift in Sources */,
				3D7C3B7E2A324EF400379A8D /* BreedDetailView.swift in Sources */,
				3D5E2CB72A377DF700FF9FF1 /* SafariView.swift in Sources */,
				3D03E8512A31033B00B32371 /* URL+Share.swift in Sources */,
				3D03E8462A3101F400B32371 /* Endpoint.swift in Sources */,
				3D03E83E2A30FF0700B32371 /* BreedListView.swift in Sources */,
			);
			runOnlyForDeploymentPostprocessing = 0;
		};
/* End PBXSourcesBuildPhase section */

/* Begin XCBuildConfiguration section */
		3D03E8372A30FED700B32371 /* Debug */ = {
			isa = XCBuildConfiguration;
			buildSettings = {
				ALWAYS_SEARCH_USER_PATHS = NO;
				CLANG_ANALYZER_NONNULL = YES;
				CLANG_ANALYZER_NUMBER_OBJECT_CONVERSION = YES_AGGRESSIVE;
				CLANG_CXX_LANGUAGE_STANDARD = "gnu++20";
				CLANG_ENABLE_MODULES = YES;
				CLANG_ENABLE_OBJC_ARC = YES;
				CLANG_ENABLE_OBJC_WEAK = YES;
				CLANG_WARN_BLOCK_CAPTURE_AUTORELEASING = YES;
				CLANG_WARN_BOOL_CONVERSION = YES;
				CLANG_WARN_COMMA = YES;
				CLANG_WARN_CONSTANT_CONVERSION = YES;
				CLANG_WARN_DEPRECATED_OBJC_IMPLEMENTATIONS = YES;
				CLANG_WARN_DIRECT_OBJC_ISA_USAGE = YES_ERROR;
				CLANG_WARN_DOCUMENTATION_COMMENTS = YES;
				CLANG_WARN_EMPTY_BODY = YES;
				CLANG_WARN_ENUM_CONVERSION = YES;
				CLANG_WARN_INFINITE_RECURSION = YES;
				CLANG_WARN_INT_CONVERSION = YES;
				CLANG_WARN_NON_LITERAL_NULL_CONVERSION = YES;
				CLANG_WARN_OBJC_IMPLICIT_RETAIN_SELF = YES;
				CLANG_WARN_OBJC_LITERAL_CONVERSION = YES;
				CLANG_WARN_OBJC_ROOT_CLASS = YES_ERROR;
				CLANG_WARN_QUOTED_INCLUDE_IN_FRAMEWORK_HEADER = YES;
				CLANG_WARN_RANGE_LOOP_ANALYSIS = YES;
				CLANG_WARN_STRICT_PROTOTYPES = YES;
				CLANG_WARN_SUSPICIOUS_MOVE = YES;
				CLANG_WARN_UNGUARDED_AVAILABILITY = YES_AGGRESSIVE;
				CLANG_WARN_UNREACHABLE_CODE = YES;
				CLANG_WARN__DUPLICATE_METHOD_MATCH = YES;
				COPY_PHASE_STRIP = NO;
				DEBUG_INFORMATION_FORMAT = dwarf;
				ENABLE_STRICT_OBJC_MSGSEND = YES;
				ENABLE_TESTABILITY = YES;
				GCC_C_LANGUAGE_STANDARD = gnu11;
				GCC_DYNAMIC_NO_PIC = NO;
				GCC_NO_COMMON_BLOCKS = YES;
				GCC_OPTIMIZATION_LEVEL = 0;
				GCC_PREPROCESSOR_DEFINITIONS = (
					"DEBUG=1",
					"$(inherited)",
				);
				GCC_WARN_64_TO_32_BIT_CONVERSION = YES;
				GCC_WARN_ABOUT_RETURN_TYPE = YES_ERROR;
				GCC_WARN_UNDECLARED_SELECTOR = YES;
				GCC_WARN_UNINITIALIZED_AUTOS = YES_AGGRESSIVE;
				GCC_WARN_UNUSED_FUNCTION = YES;
				GCC_WARN_UNUSED_VARIABLE = YES;
				IPHONEOS_DEPLOYMENT_TARGET = 16.4;
				MTL_ENABLE_DEBUG_INFO = INCLUDE_SOURCE;
				MTL_FAST_MATH = YES;
				ONLY_ACTIVE_ARCH = YES;
				SDKROOT = iphoneos;
				SWIFT_ACTIVE_COMPILATION_CONDITIONS = DEBUG;
				SWIFT_OPTIMIZATION_LEVEL = "-Onone";
			};
			name = Debug;
		};
		3D03E8382A30FED700B32371 /* Release */ = {
			isa = XCBuildConfiguration;
			buildSettings = {
				ALWAYS_SEARCH_USER_PATHS = NO;
				CLANG_ANALYZER_NONNULL = YES;
				CLANG_ANALYZER_NUMBER_OBJECT_CONVERSION = YES_AGGRESSIVE;
				CLANG_CXX_LANGUAGE_STANDARD = "gnu++20";
				CLANG_ENABLE_MODULES = YES;
				CLANG_ENABLE_OBJC_ARC = YES;
				CLANG_ENABLE_OBJC_WEAK = YES;
				CLANG_WARN_BLOCK_CAPTURE_AUTORELEASING = YES;
				CLANG_WARN_BOOL_CONVERSION = YES;
				CLANG_WARN_COMMA = YES;
				CLANG_WARN_CONSTANT_CONVERSION = YES;
				CLANG_WARN_DEPRECATED_OBJC_IMPLEMENTATIONS = YES;
				CLANG_WARN_DIRECT_OBJC_ISA_USAGE = YES_ERROR;
				CLANG_WARN_DOCUMENTATION_COMMENTS = YES;
				CLANG_WARN_EMPTY_BODY = YES;
				CLANG_WARN_ENUM_CONVERSION = YES;
				CLANG_WARN_INFINITE_RECURSION = YES;
				CLANG_WARN_INT_CONVERSION = YES;
				CLANG_WARN_NON_LITERAL_NULL_CONVERSION = YES;
				CLANG_WARN_OBJC_IMPLICIT_RETAIN_SELF = YES;
				CLANG_WARN_OBJC_LITERAL_CONVERSION = YES;
				CLANG_WARN_OBJC_ROOT_CLASS = YES_ERROR;
				CLANG_WARN_QUOTED_INCLUDE_IN_FRAMEWORK_HEADER = YES;
				CLANG_WARN_RANGE_LOOP_ANALYSIS = YES;
				CLANG_WARN_STRICT_PROTOTYPES = YES;
				CLANG_WARN_SUSPICIOUS_MOVE = YES;
				CLANG_WARN_UNGUARDED_AVAILABILITY = YES_AGGRESSIVE;
				CLANG_WARN_UNREACHABLE_CODE = YES;
				CLANG_WARN__DUPLICATE_METHOD_MATCH = YES;
				COPY_PHASE_STRIP = NO;
				DEBUG_INFORMATION_FORMAT = "dwarf-with-dsym";
				ENABLE_NS_ASSERTIONS = NO;
				ENABLE_STRICT_OBJC_MSGSEND = YES;
				GCC_C_LANGUAGE_STANDARD = gnu11;
				GCC_NO_COMMON_BLOCKS = YES;
				GCC_WARN_64_TO_32_BIT_CONVERSION = YES;
				GCC_WARN_ABOUT_RETURN_TYPE = YES_ERROR;
				GCC_WARN_UNDECLARED_SELECTOR = YES;
				GCC_WARN_UNINITIALIZED_AUTOS = YES_AGGRESSIVE;
				GCC_WARN_UNUSED_FUNCTION = YES;
				GCC_WARN_UNUSED_VARIABLE = YES;
				IPHONEOS_DEPLOYMENT_TARGET = 16.4;
				MTL_ENABLE_DEBUG_INFO = NO;
				MTL_FAST_MATH = YES;
				SDKROOT = iphoneos;
				SWIFT_COMPILATION_MODE = wholemodule;
				SWIFT_OPTIMIZATION_LEVEL = "-O";
				VALIDATE_PRODUCT = YES;
			};
			name = Release;
		};
		3D03E83A2A30FED700B32371 /* Debug */ = {
			isa = XCBuildConfiguration;
			buildSettings = {
				ASSETCATALOG_COMPILER_APPICON_NAME = AppIcon;
				ASSETCATALOG_COMPILER_GLOBAL_ACCENT_COLOR_NAME = AccentColor;
				CODE_SIGN_STYLE = Automatic;
				CURRENT_PROJECT_VERSION = 1;
				DEVELOPMENT_ASSET_PATHS = "\"ILikeCats/Preview Content\"";
				ENABLE_PREVIEWS = YES;
				GENERATE_INFOPLIST_FILE = YES;
				INFOPLIST_FILE = ILikeCats/info.plist;
				INFOPLIST_KEY_UIApplicationSceneManifest_Generation = YES;
				INFOPLIST_KEY_UIApplicationSupportsIndirectInputEvents = YES;
				INFOPLIST_KEY_UILaunchScreen_Generation = YES;
				INFOPLIST_KEY_UIStatusBarStyle = UIStatusBarStyleLightContent;
				INFOPLIST_KEY_UISupportedInterfaceOrientations_iPad = "UIInterfaceOrientationPortrait UIInterfaceOrientationPortraitUpsideDown UIInterfaceOrientationLandscapeLeft UIInterfaceOrientationLandscapeRight";
				INFOPLIST_KEY_UISupportedInterfaceOrientations_iPhone = "UIInterfaceOrientationPortrait UIInterfaceOrientationLandscapeLeft UIInterfaceOrientationLandscapeRight";
				IPHONEOS_DEPLOYMENT_TARGET = 16.4;
				LD_RUNPATH_SEARCH_PATHS = (
					"$(inherited)",
					"@executable_path/Frameworks",
				);
				MARKETING_VERSION = 1.0;
				PRODUCT_BUNDLE_IDENTIFIER = vse.fis.ILikeCats;
				PRODUCT_NAME = "$(TARGET_NAME)";
				SWIFT_EMIT_LOC_STRINGS = YES;
				SWIFT_VERSION = 5.0;
				TARGETED_DEVICE_FAMILY = "1,2";
			};
			name = Debug;
		};
		3D03E83B2A30FED700B32371 /* Release */ = {
			isa = XCBuildConfiguration;
			buildSettings = {
				ASSETCATALOG_COMPILER_APPICON_NAME = AppIcon;
				ASSETCATALOG_COMPILER_GLOBAL_ACCENT_COLOR_NAME = AccentColor;
				CODE_SIGN_STYLE = Automatic;
				CURRENT_PROJECT_VERSION = 1;
				DEVELOPMENT_ASSET_PATHS = "\"ILikeCats/Preview Content\"";
				ENABLE_PREVIEWS = YES;
				GENERATE_INFOPLIST_FILE = YES;
				INFOPLIST_FILE = ILikeCats/info.plist;
				INFOPLIST_KEY_UIApplicationSceneManifest_Generation = YES;
				INFOPLIST_KEY_UIApplicationSupportsIndirectInputEvents = YES;
				INFOPLIST_KEY_UILaunchScreen_Generation = YES;
				INFOPLIST_KEY_UIStatusBarStyle = UIStatusBarStyleLightContent;
				INFOPLIST_KEY_UISupportedInterfaceOrientations_iPad = "UIInterfaceOrientationPortrait UIInterfaceOrientationPortraitUpsideDown UIInterfaceOrientationLandscapeLeft UIInterfaceOrientationLandscapeRight";
				INFOPLIST_KEY_UISupportedInterfaceOrientations_iPhone = "UIInterfaceOrientationPortrait UIInterfaceOrientationLandscapeLeft UIInterfaceOrientationLandscapeRight";
				IPHONEOS_DEPLOYMENT_TARGET = 16.4;
				LD_RUNPATH_SEARCH_PATHS = (
					"$(inherited)",
					"@executable_path/Frameworks",
				);
				MARKETING_VERSION = 1.0;
				PRODUCT_BUNDLE_IDENTIFIER = vse.fis.ILikeCats;
				PRODUCT_NAME = "$(TARGET_NAME)";
				SWIFT_EMIT_LOC_STRINGS = YES;
				SWIFT_VERSION = 5.0;
				TARGETED_DEVICE_FAMILY = "1,2";
			};
			name = Release;
		};
/* End XCBuildConfiguration section */

/* Begin XCConfigurationList section */
		3D03E8262A30FED600B32371 /* Build configuration list for PBXProject "ILikeCats" */ = {
			isa = XCConfigurationList;
			buildConfigurations = (
				3D03E8372A30FED700B32371 /* Debug */,
				3D03E8382A30FED700B32371 /* Release */,
			);
			defaultConfigurationIsVisible = 0;
			defaultConfigurationName = Release;
		};
		3D03E8392A30FED700B32371 /* Build configuration list for PBXNativeTarget "ILikeCats" */ = {
			isa = XCConfigurationList;
			buildConfigurations = (
				3D03E83A2A30FED700B32371 /* Debug */,
				3D03E83B2A30FED700B32371 /* Release */,
			);
			defaultConfigurationIsVisible = 0;
			defaultConfigurationName = Release;
		};
/* End XCConfigurationList section */
	};
	rootObject = 3D03E8232A30FED600B32371 /* Project object */;
}
